{
    "_meta": {
        "hash": {
            "sha256": "8481f27e6ee22803062ea5800495cac1449fce841c38ee14c040f4f95203086f"
        },
        "pipfile-spec": 6,
        "requires": {
            "python_version": "3.11"
        },
        "sources": [
            {
                "name": "pypi",
                "url": "https://pypi.org/simple",
                "verify_ssl": true
            }
        ]
    },
    "default": {
        "pydicom": {
            "hashes": [
                "sha256:90b4801d851ce65be3df520e16bbfa3d6c767cf2a3a3b1c18f6780e6b670b87a",
                "sha256:f9f8e19b78525be57aa6384484298833e4d06ac1d6226c79459131ddb0bd7c42"
            ],
            "index": "pypi",
            "version": "==2.4.4"
        }
    },
    "develop": {}
}
